
Microsoft Visual Studio Solution File, Format Version 12.00
# Visual Studio Version 17
VisualStudioVersion = 17.13.35828.75 d17.13
MinimumVisualStudioVersion = 10.0.40219.1
Project("{FAE04EC0-301F-11D3-BF4B-00C04F79EFBC}") = "GestionCursosAPI", "GestionCursosAPI\GestionCursosAPI.csproj", "{68FE55FF-A052-4A3A-9C9C-89D5D8BB23F4}"
EndProject
Global
	GlobalSection(SolutionConfigurationPlatforms) = preSolution
		Debug|Any CPU = Debug|Any CPU
		Release|Any CPU = Release|Any CPU
	EndGlobalSection
	GlobalSection(ProjectConfigurationPlatforms) = postSolution
		{68FE55FF-A052-4A3A-9C9C-89D5D8BB23F4}.Debug|Any CPU.ActiveCfg = Debug|Any CPU
		{68FE55FF-A052-4A3A-9C9C-89D5D8BB23F4}.Debug|Any CPU.Build.0 = Debug|Any CPU
		{68FE55FF-A052-4A3A-9C9C-89D5D8BB23F4}.Release|Any CPU.ActiveCfg = Release|Any CPU
		{68FE55FF-A052-4A3A-9C9C-89D5D8BB23F4}.Release|Any CPU.Build.0 = Release|Any CPU
	EndGlobalSection
	GlobalSection(SolutionProperties) = preSolution
		HideSolutionNode = FALSE
	EndGlobalSection
	GlobalSection(ExtensibilityGlobals) = postSolution
		SolutionGuid = {DCA3B71E-3934-4563-80AC-7CD1DE9B6B2D}
	EndGlobalSection
EndGlobal
